
Microsoft Visual Studio Solution File, Format Version 12.00
# Visual Studio Version 17
VisualStudioVersion = 17.9.34622.214
MinimumVisualStudioVersion = 10.0.40219.1
Project("{FAE04EC0-301F-11D3-BF4B-00C04F79EFBC}") = "ServerDesktopBingX", "ServerDesktopBingX\ServerDesktopBingX.csproj", "{4421AD8F-C89E-43C0-8B72-C7E33AFFBC7D}"
EndProject
Global
	GlobalSection(SolutionConfigurationPlatforms) = preSolution
		Debug|Any CPU = Debug|Any CPU
		Release|Any CPU = Release|Any CPU
	EndGlobalSection
	GlobalSection(ProjectConfigurationPlatforms) = postSolution
		{4421AD8F-C89E-43C0-8B72-C7E33AFFBC7D}.Debug|Any CPU.ActiveCfg = Debug|Any CPU
		{4421AD8F-C89E-43C0-8B72-C7E33AFFBC7D}.Debug|Any CPU.Build.0 = Debug|Any CPU
		{4421AD8F-C89E-43C0-8B72-C7E33AFFBC7D}.Release|Any CPU.ActiveCfg = Release|Any CPU
		{4421AD8F-C89E-43C0-8B72-C7E33AFFBC7D}.Release|Any CPU.Build.0 = Release|Any CPU
	EndGlobalSection
	GlobalSection(SolutionProperties) = preSolution
		HideSolutionNode = FALSE
	EndGlobalSection
	GlobalSection(ExtensibilityGlobals) = postSolution
		SolutionGuid = {F1FE0837-14F8-46BB-92AA-267AEB964F02}
	EndGlobalSection
EndGlobal
